
Microsoft Visual Studio Solution File, Format Version 12.00
# Visual Studio Version 16
VisualStudioVersion = 16.0.30611.23
MinimumVisualStudioVersion = 10.0.40219.1
Project("{FAE04EC0-301F-11D3-BF4B-00C04F79EFBC}") = "DumpGitHomework", "DumpGitHomework\DumpGitHomework.csproj", "{355135F8-9527-4BEC-9E17-26627769B014}"
EndProject
Global
	GlobalSection(SolutionConfigurationPlatforms) = preSolution
		Debug|Any CPU = Debug|Any CPU
		Release|Any CPU = Release|Any CPU
	EndGlobalSection
	GlobalSection(ProjectConfigurationPlatforms) = postSolution
		{355135F8-9527-4BEC-9E17-26627769B014}.Debug|Any CPU.ActiveCfg = Debug|Any CPU
		{355135F8-9527-4BEC-9E17-26627769B014}.Debug|Any CPU.Build.0 = Debug|Any CPU
		{355135F8-9527-4BEC-9E17-26627769B014}.Release|Any CPU.ActiveCfg = Release|Any CPU
		{355135F8-9527-4BEC-9E17-26627769B014}.Release|Any CPU.Build.0 = Release|Any CPU
	EndGlobalSection
	GlobalSection(SolutionProperties) = preSolution
		HideSolutionNode = FALSE
	EndGlobalSection
	GlobalSection(ExtensibilityGlobals) = postSolution
		SolutionGuid = {3FCE7D00-F6FA-400E-89BD-AFF62D4AC38E}
	EndGlobalSection
EndGlobal
